
Microsoft Visual Studio Solution File, Format Version 12.00
# Visual Studio Version 16
VisualStudioVersion = 16.0.30804.86
MinimumVisualStudioVersion = 10.0.40219.1
Project("{FAE04EC0-301F-11D3-BF4B-00C04F79EFBC}") = "ModLinksConverter", "ModLinksConverter\ModLinksConverter.csproj", "{63CF4244-D93D-48E7-A6F4-8B2F4714AFC0}"
EndProject
Project("{9A19103F-16F7-4668-BE54-9A1E7A4F7556}") = "HKManager", "HKManager\HKManager.csproj", "{89A290B6-5FAE-4395-97E4-2A77384D89CB}"
EndProject
Global
	GlobalSection(SolutionConfigurationPlatforms) = preSolution
		Debug|Any CPU = Debug|Any CPU
		Release|Any CPU = Release|Any CPU
	EndGlobalSection
	GlobalSection(ProjectConfigurationPlatforms) = postSolution
		{63CF4244-D93D-48E7-A6F4-8B2F4714AFC0}.Debug|Any CPU.ActiveCfg = Debug|Any CPU
		{63CF4244-D93D-48E7-A6F4-8B2F4714AFC0}.Debug|Any CPU.Build.0 = Debug|Any CPU
		{63CF4244-D93D-48E7-A6F4-8B2F4714AFC0}.Release|Any CPU.ActiveCfg = Release|Any CPU
		{63CF4244-D93D-48E7-A6F4-8B2F4714AFC0}.Release|Any CPU.Build.0 = Release|Any CPU
		{89A290B6-5FAE-4395-97E4-2A77384D89CB}.Debug|Any CPU.ActiveCfg = Debug|Any CPU
		{89A290B6-5FAE-4395-97E4-2A77384D89CB}.Debug|Any CPU.Build.0 = Debug|Any CPU
		{89A290B6-5FAE-4395-97E4-2A77384D89CB}.Release|Any CPU.ActiveCfg = Release|Any CPU
		{89A290B6-5FAE-4395-97E4-2A77384D89CB}.Release|Any CPU.Build.0 = Release|Any CPU
	EndGlobalSection
	GlobalSection(SolutionProperties) = preSolution
		HideSolutionNode = FALSE
	EndGlobalSection
	GlobalSection(ExtensibilityGlobals) = postSolution
		SolutionGuid = {BEB3800C-4A67-4138-BC21-BBF6FABEE657}
	EndGlobalSection
EndGlobal
